// !$*UTF8*$!
{
	archiveVersion = 1;
	classes = {
	};
	objectVersion = 56;
	objects = {

/* Begin PBXBuildFile section */
		E40372822B6BF696007C1C9B /* New17App.swift in Sources */ = {isa = PBXBuildFile; fileRef = E40372812B6BF696007C1C9B /* New17App.swift */; };
		E40372842B6BF696007C1C9B /* ContentView.swift in Sources */ = {isa = PBXBuildFile; fileRef = E40372832B6BF696007C1C9B /* ContentView.swift */; };
		E40372862B6BF697007C1C9B /* Assets.xcassets in Resources */ = {isa = PBXBuildFile; fileRef = E40372852B6BF697007C1C9B /* Assets.xcassets */; };
		E40372892B6BF697007C1C9B /* Preview Assets.xcassets in Resources */ = {isa = PBXBuildFile; fileRef = E40372882B6BF697007C1C9B /* Preview Assets.xcassets */; };
		E40372A22B6BF6D0007C1C9B /* HomeView.swift in Sources */ = {isa = PBXBuildFile; fileRef = E40372922B6BF6D0007C1C9B /* HomeView.swift */; };
		E40372A32B6BF6D0007C1C9B /* AnimationTabBar.swift in Sources */ = {isa = PBXBuildFile; fileRef = E40372942B6BF6D0007C1C9B /* AnimationTabBar.swift */; };
		E40372A42B6BF6D0007C1C9B /* MainView.swift in Sources */ = {isa = PBXBuildFile; fileRef = E40372952B6BF6D0007C1C9B /* MainView.swift */; };
		E40372A52B6BF6D0007C1C9B /* ABC.swift in Sources */ = {isa = PBXBuildFile; fileRef = E40372992B6BF6D0007C1C9B /* ABC.swift */; };
		E40372A62B6BF6D0007C1C9B /* TexasView.swift in Sources */ = {isa = PBXBuildFile; fileRef = E403729A2B6BF6D0007C1C9B /* TexasView.swift */; };
		E40372A72B6BF6D0007C1C9B /* PageIntro.swift in Sources */ = {isa = PBXBuildFile; fileRef = E403729D2B6BF6D0007C1C9B /* PageIntro.swift */; };
		E40372A82B6BF6D0007C1C9B /* HomeOnBoard.swift in Sources */ = {isa = PBXBuildFile; fileRef = E403729F2B6BF6D0007C1C9B /* HomeOnBoard.swift */; };
		E40372A92B6BF6D0007C1C9B /* CustomTextField.swift in Sources */ = {isa = PBXBuildFile; fileRef = E40372A02B6BF6D0007C1C9B /* CustomTextField.swift */; };
		E40372AA2B6BF6D0007C1C9B /* CustomIndicatorView.swift in Sources */ = {isa = PBXBuildFile; fileRef = E40372A12B6BF6D0007C1C9B /* CustomIndicatorView.swift */; };
		E40372B22B6BF6E8007C1C9B /* ViewExtensions.swift in Sources */ = {isa = PBXBuildFile; fileRef = E40372AC2B6BF6E8007C1C9B /* ViewExtensions.swift */; };
		E40372B32B6BF6E8007C1C9B /* TipView.swift in Sources */ = {isa = PBXBuildFile; fileRef = E40372AD2B6BF6E8007C1C9B /* TipView.swift */; };
		E40372B42B6BF6E8007C1C9B /* OffsetKey.swift in Sources */ = {isa = PBXBuildFile; fileRef = E40372AE2B6BF6E8007C1C9B /* OffsetKey.swift */; };
		E40372B52B6BF6E8007C1C9B /* Toast.swift in Sources */ = {isa = PBXBuildFile; fileRef = E40372AF2B6BF6E8007C1C9B /* Toast.swift */; };
		E40372B62B6BF6E8007C1C9B /* Shine.swift in Sources */ = {isa = PBXBuildFile; fileRef = E40372B02B6BF6E8007C1C9B /* Shine.swift */; };
		E40372B72B6BF6E8007C1C9B /* ColorManager.swift in Sources */ = {isa = PBXBuildFile; fileRef = E40372B12B6BF6E8007C1C9B /* ColorManager.swift */; };
		E40372BA2B6BF824007C1C9B /* FlightView.swift in Sources */ = {isa = PBXBuildFile; fileRef = E40372B92B6BF824007C1C9B /* FlightView.swift */; };
/* End PBXBuildFile section */

/* Begin PBXFileReference section */
		E403727E2B6BF696007C1C9B /* New17.app */ = {isa = PBXFileReference; explicitFileType = wrapper.application; includeInIndex = 0; path = New17.app; sourceTree = BUILT_PRODUCTS_DIR; };
		E40372812B6BF696007C1C9B /* New17App.swift */ = {isa = PBXFileReference; lastKnownFileType = sourcecode.swift; path = New17App.swift; sourceTree = "<group>"; };
		E40372832B6BF696007C1C9B /* ContentView.swift */ = {isa = PBXFileReference; lastKnownFileType = sourcecode.swift; path = ContentView.swift; sourceTree = "<group>"; };
		E40372852B6BF697007C1C9B /* Assets.xcassets */ = {isa = PBXFileReference; lastKnownFileType = folder.assetcatalog; path = Assets.xcassets; sourceTree = "<group>"; };
		E40372882B6BF697007C1C9B /* Preview Assets.xcassets */ = {isa = PBXFileReference; lastKnownFileType = folder.assetcatalog; path = "Preview Assets.xcassets"; sourceTree = "<group>"; };
		E40372922B6BF6D0007C1C9B /* HomeView.swift */ = {isa = PBXFileReference; fileEncoding = 4; lastKnownFileType = sourcecode.swift; path = HomeView.swift; sourceTree = "<group>"; };
		E40372942B6BF6D0007C1C9B /* AnimationTabBar.swift */ = {isa = PBXFileReference; fileEncoding = 4; lastKnownFileType = sourcecode.swift; path = AnimationTabBar.swift; sourceTree = "<group>"; };
		E40372952B6BF6D0007C1C9B /* MainView.swift */ = {isa = PBXFileReference; fileEncoding = 4; lastKnownFileType = sourcecode.swift; path = MainView.swift; sourceTree = "<group>"; };
		E40372992B6BF6D0007C1C9B /* ABC.swift */ = {isa = PBXFileReference; fileEncoding = 4; lastKnownFileType = sourcecode.swift; path = ABC.swift; sourceTree = "<group>"; };
		E403729A2B6BF6D0007C1C9B /* TexasView.swift */ = {isa = PBXFileReference; fileEncoding = 4; lastKnownFileType = sourcecode.swift; path = TexasView.swift; sourceTree = "<group>"; };
		E403729D2B6BF6D0007C1C9B /* PageIntro.swift */ = {isa = PBXFileReference; fileEncoding = 4; lastKnownFileType = sourcecode.swift; path = PageIntro.swift; sourceTree = "<group>"; };
		E403729F2B6BF6D0007C1C9B /* HomeOnBoard.swift */ = {isa = PBXFileReference; fileEncoding = 4; lastKnownFileType = sourcecode.swift; path = HomeOnBoard.swift; sourceTree = "<group>"; };
		E40372A02B6BF6D0007C1C9B /* CustomTextField.swift */ = {isa = PBXFileReference; fileEncoding = 4; lastKnownFileType = sourcecode.swift; path = CustomTextField.swift; sourceTree = "<group>"; };
		E40372A12B6BF6D0007C1C9B /* CustomIndicatorView.swift */ = {isa = PBXFileReference; fileEncoding = 4; lastKnownFileType = sourcecode.swift; path = CustomIndicatorView.swift; sourceTree = "<group>"; };
		E40372AC2B6BF6E8007C1C9B /* ViewExtensions.swift */ = {isa = PBXFileReference; fileEncoding = 4; lastKnownFileType = sourcecode.swift; path = ViewExtensions.swift; sourceTree = "<group>"; };
		E40372AD2B6BF6E8007C1C9B /* TipView.swift */ = {isa = PBXFileReference; fileEncoding = 4; lastKnownFileType = sourcecode.swift; path = TipView.swift; sourceTree = "<group>"; };
		E40372AE2B6BF6E8007C1C9B /* OffsetKey.swift */ = {isa = PBXFileReference; fileEncoding = 4; lastKnownFileType = sourcecode.swift; path = OffsetKey.swift; sourceTree = "<group>"; };
		E40372AF2B6BF6E8007C1C9B /* Toast.swift */ = {isa = PBXFileReference; fileEncoding = 4; lastKnownFileType = sourcecode.swift; path = Toast.swift; sourceTree = "<group>"; };
		E40372B02B6BF6E8007C1C9B /* Shine.swift */ = {isa = PBXFileReference; fileEncoding = 4; lastKnownFileType = sourcecode.swift; path = Shine.swift; sourceTree = "<group>"; };
		E40372B12B6BF6E8007C1C9B /* ColorManager.swift */ = {isa = PBXFileReference; fileEncoding = 4; lastKnownFileType = sourcecode.swift; path = ColorManager.swift; sourceTree = "<group>"; };
		E40372B92B6BF824007C1C9B /* FlightView.swift */ = {isa = PBXFileReference; lastKnownFileType = sourcecode.swift; path = FlightView.swift; sourceTree = "<group>"; };
/* End PBXFileReference section */

/* Begin PBXFrameworksBuildPhase section */
		E403727B2B6BF696007C1C9B /* Frameworks */ = {
			isa = PBXFrameworksBuildPhase;
			buildActionMask = 2147483647;
			files = (
			);
			runOnlyForDeploymentPostprocessing = 0;
		};
/* End PBXFrameworksBuildPhase section */

/* Begin PBXGroup section */
		E40372752B6BF696007C1C9B = {
			isa = PBXGroup;
			children = (
				E40372802B6BF696007C1C9B /* New17 */,
				E403727F2B6BF696007C1C9B /* Products */,
			);
			sourceTree = "<group>";
		};
		E403727F2B6BF696007C1C9B /* Products */ = {
			isa = PBXGroup;
			children = (
				E403727E2B6BF696007C1C9B /* New17.app */,
			);
			name = Products;
			sourceTree = "<group>";
		};
		E40372802B6BF696007C1C9B /* New17 */ = {
			isa = PBXGroup;
			children = (
				E403728F2B6BF6B2007C1C9B /* App */,
				E40372902B6BF6D0007C1C9B /* Core */,
				E40372AB2B6BF6E8007C1C9B /* Extensions */,
				E40372832B6BF696007C1C9B /* ContentView.swift */,
				E40372852B6BF697007C1C9B /* Assets.xcassets */,
				E40372872B6BF697007C1C9B /* Preview Content */,
			);
			path = New17;
			sourceTree = "<group>";
		};
		E40372872B6BF697007C1C9B /* Preview Content */ = {
			isa = PBXGroup;
			children = (
				E40372882B6BF697007C1C9B /* Preview Assets.xcassets */,
			);
			path = "Preview Content";
			sourceTree = "<group>";
		};
		E403728F2B6BF6B2007C1C9B /* App */ = {
			isa = PBXGroup;
			children = (
				E40372812B6BF696007C1C9B /* New17App.swift */,
			);
			path = App;
			sourceTree = "<group>";
		};
		E40372902B6BF6D0007C1C9B /* Core */ = {
			isa = PBXGroup;
			children = (
				E40372B82B6BF813007C1C9B /* Components */,
				E40372912B6BF6D0007C1C9B /* Home */,
				E40372932B6BF6D0007C1C9B /* Tab Bar */,
				E40372962B6BF6D0007C1C9B /* Root */,
			);
			path = Core;
			sourceTree = "<group>";
		};
		E40372912B6BF6D0007C1C9B /* Home */ = {
			isa = PBXGroup;
			children = (
				E40372922B6BF6D0007C1C9B /* HomeView.swift */,
			);
			path = Home;
			sourceTree = "<group>";
		};
		E40372932B6BF6D0007C1C9B /* Tab Bar */ = {
			isa = PBXGroup;
			children = (
				E40372942B6BF6D0007C1C9B /* AnimationTabBar.swift */,
				E40372952B6BF6D0007C1C9B /* MainView.swift */,
			);
			path = "Tab Bar";
			sourceTree = "<group>";
		};
		E40372962B6BF6D0007C1C9B /* Root */ = {
			isa = PBXGroup;
			children = (
				E40372972B6BF6D0007C1C9B /* Intro */,
				E403729B2B6BF6D0007C1C9B /* on Boarding */,
			);
			path = Root;
			sourceTree = "<group>";
		};
		E40372972B6BF6D0007C1C9B /* Intro */ = {
			isa = PBXGroup;
			children = (
				E40372982B6BF6D0007C1C9B /* View */,
			);
			path = Intro;
			sourceTree = "<group>";
		};
		E40372982B6BF6D0007C1C9B /* View */ = {
			isa = PBXGroup;
			children = (
				E40372992B6BF6D0007C1C9B /* ABC.swift */,
				E403729A2B6BF6D0007C1C9B /* TexasView.swift */,
			);
			path = View;
			sourceTree = "<group>";
		};
		E403729B2B6BF6D0007C1C9B /* on Boarding */ = {
			isa = PBXGroup;
			children = (
				E403729C2B6BF6D0007C1C9B /* Model */,
				E403729E2B6BF6D0007C1C9B /* View */,
			);
			path = "on Boarding";
			sourceTree = "<group>";
		};
		E403729C2B6BF6D0007C1C9B /* Model */ = {
			isa = PBXGroup;
			children = (
				E403729D2B6BF6D0007C1C9B /* PageIntro.swift */,
			);
			path = Model;
			sourceTree = "<group>";
		};
		E403729E2B6BF6D0007C1C9B /* View */ = {
			isa = PBXGroup;
			children = (
				E403729F2B6BF6D0007C1C9B /* HomeOnBoard.swift */,
				E40372A02B6BF6D0007C1C9B /* CustomTextField.swift */,
				E40372A12B6BF6D0007C1C9B /* CustomIndicatorView.swift */,
			);
			path = View;
			sourceTree = "<group>";
		};
		E40372AB2B6BF6E8007C1C9B /* Extensions */ = {
			isa = PBXGroup;
			children = (
				E40372B12B6BF6E8007C1C9B /* ColorManager.swift */,
				E40372AE2B6BF6E8007C1C9B /* OffsetKey.swift */,
				E40372B02B6BF6E8007C1C9B /* Shine.swift */,
				E40372AD2B6BF6E8007C1C9B /* TipView.swift */,
				E40372AF2B6BF6E8007C1C9B /* Toast.swift */,
				E40372AC2B6BF6E8007C1C9B /* ViewExtensions.swift */,
			);
			path = Extensions;
			sourceTree = "<group>";
		};
		E40372B82B6BF813007C1C9B /* Components */ = {
			isa = PBXGroup;
			children = (
				E40372B92B6BF824007C1C9B /* FlightView.swift */,
			);
			path = Components;
			sourceTree = "<group>";
		};
/* End PBXGroup section */

/* Begin PBXNativeTarget section */
		E403727D2B6BF696007C1C9B /* New17 */ = {
			isa = PBXNativeTarget;
			buildConfigurationList = E403728C2B6BF697007C1C9B /* Build configuration list for PBXNativeTarget "New17" */;
			buildPhases = (
				E403727A2B6BF696007C1C9B /* Sources */,
				E403727B2B6BF696007C1C9B /* Frameworks */,
				E403727C2B6BF696007C1C9B /* Resources */,
			);
			buildRules = (
			);
			dependencies = (
			);
			name = New17;
			productName = New17;
			productReference = E403727E2B6BF696007C1C9B /* New17.app */;
			productType = "com.apple.product-type.application";
		};
/* End PBXNativeTarget section */

/* Begin PBXProject section */
		E40372762B6BF696007C1C9B /* Project object */ = {
			isa = PBXProject;
			attributes = {
				BuildIndependentTargetsInParallel = 1;
				LastSwiftUpdateCheck = 1520;
				LastUpgradeCheck = 1520;
				TargetAttributes = {
					E403727D2B6BF696007C1C9B = {
						CreatedOnToolsVersion = 15.2;
					};
				};
			};
			buildConfigurationList = E40372792B6BF696007C1C9B /* Build configuration list for PBXProject "New17" */;
			compatibilityVersion = "Xcode 14.0";
			developmentRegion = en;
			hasScannedForEncodings = 0;
			knownRegions = (
				en,
				Base,
			);
			mainGroup = E40372752B6BF696007C1C9B;
			productRefGroup = E403727F2B6BF696007C1C9B /* Products */;
			projectDirPath = "";
			projectRoot = "";
			targets = (
				E403727D2B6BF696007C1C9B /* New17 */,
			);
		};
/* End PBXProject section */

/* Begin PBXResourcesBuildPhase section */
		E403727C2B6BF696007C1C9B /* Resources */ = {
			isa = PBXResourcesBuildPhase;
			buildActionMask = 2147483647;
			files = (
				E40372892B6BF697007C1C9B /* Preview Assets.xcassets in Resources */,
				E40372862B6BF697007C1C9B /* Assets.xcassets in Resources */,
			);
			runOnlyForDeploymentPostprocessing = 0;
		};
/* End PBXResourcesBuildPhase section */

/* Begin PBXSourcesBuildPhase section */
		E403727A2B6BF696007C1C9B /* Sources */ = {
			isa = PBXSourcesBuildPhase;
			buildActionMask = 2147483647;
			files = (
				E40372A62B6BF6D0007C1C9B /* TexasView.swift in Sources */,
				E40372B32B6BF6E8007C1C9B /* TipView.swift in Sources */,
				E40372A32B6BF6D0007C1C9B /* AnimationTabBar.swift in Sources */,
				E40372A22B6BF6D0007C1C9B /* HomeView.swift in Sources */,
				E40372A82B6BF6D0007C1C9B /* HomeOnBoard.swift in Sources */,
				E40372A92B6BF6D0007C1C9B /* CustomTextField.swift in Sources */,
				E40372A72B6BF6D0007C1C9B /* PageIntro.swift in Sources */,
				E40372B52B6BF6E8007C1C9B /* Toast.swift in Sources */,
				E40372B72B6BF6E8007C1C9B /* ColorManager.swift in Sources */,
				E40372AA2B6BF6D0007C1C9B /* CustomIndicatorView.swift in Sources */,
				E40372842B6BF696007C1C9B /* ContentView.swift in Sources */,
				E40372A42B6BF6D0007C1C9B /* MainView.swift in Sources */,
				E40372B42B6BF6E8007C1C9B /* OffsetKey.swift in Sources */,
				E40372A52B6BF6D0007C1C9B /* ABC.swift in Sources */,
				E40372B62B6BF6E8007C1C9B /* Shine.swift in Sources */,
				E40372B22B6BF6E8007C1C9B /* ViewExtensions.swift in Sources */,
				E40372BA2B6BF824007C1C9B /* FlightView.swift in Sources */,
				E40372822B6BF696007C1C9B /* New17App.swift in Sources */,
			);
			runOnlyForDeploymentPostprocessing = 0;
		};
/* End PBXSourcesBuildPhase section */

/* Begin XCBuildConfiguration section */
		E403728A2B6BF697007C1C9B /* Debug */ = {
			isa = XCBuildConfiguration;
			buildSettings = {
				ALWAYS_SEARCH_USER_PATHS = NO;
				ASSETCATALOG_COMPILER_GENERATE_SWIFT_ASSET_SYMBOL_EXTENSIONS = YES;
				CLANG_ANALYZER_NONNULL = YES;
				CLANG_ANALYZER_NUMBER_OBJECT_CONVERSION = YES_AGGRESSIVE;
				CLANG_CXX_LANGUAGE_STANDARD = "gnu++20";
				CLANG_ENABLE_MODULES = YES;
				CLANG_ENABLE_OBJC_ARC = YES;
				CLANG_ENABLE_OBJC_WEAK = YES;
				CLANG_WARN_BLOCK_CAPTURE_AUTORELEASING = YES;
				CLANG_WARN_BOOL_CONVERSION = YES;
				CLANG_WARN_COMMA = YES;
				CLANG_WARN_CONSTANT_CONVERSION = YES;
				CLANG_WARN_DEPRECATED_OBJC_IMPLEMENTATIONS = YES;
				CLANG_WARN_DIRECT_OBJC_ISA_USAGE = YES_ERROR;
				CLANG_WARN_DOCUMENTATION_COMMENTS = YES;
				CLANG_WARN_EMPTY_BODY = YES;
				CLANG_WARN_ENUM_CONVERSION = YES;
				CLANG_WARN_INFINITE_RECURSION = YES;
				CLANG_WARN_INT_CONVERSION = YES;
				CLANG_WARN_NON_LITERAL_NULL_CONVERSION = YES;
				CLANG_WARN_OBJC_IMPLICIT_RETAIN_SELF = YES;
				CLANG_WARN_OBJC_LITERAL_CONVERSION = YES;
				CLANG_WARN_OBJC_ROOT_CLASS = YES_ERROR;
				CLANG_WARN_QUOTED_INCLUDE_IN_FRAMEWORK_HEADER = YES;
				CLANG_WARN_RANGE_LOOP_ANALYSIS = YES;
				CLANG_WARN_STRICT_PROTOTYPES = YES;
				CLANG_WARN_SUSPICIOUS_MOVE = YES;
				CLANG_WARN_UNGUARDED_AVAILABILITY = YES_AGGRESSIVE;
				CLANG_WARN_UNREACHABLE_CODE = YES;
				CLANG_WARN__DUPLICATE_METHOD_MATCH = YES;
				COPY_PHASE_STRIP = NO;
				DEBUG_INFORMATION_FORMAT = dwarf;
				ENABLE_STRICT_OBJC_MSGSEND = YES;
				ENABLE_TESTABILITY = YES;
				ENABLE_USER_SCRIPT_SANDBOXING = YES;
				GCC_C_LANGUAGE_STANDARD = gnu17;
				GCC_DYNAMIC_NO_PIC = NO;
				GCC_NO_COMMON_BLOCKS = YES;
				GCC_OPTIMIZATION_LEVEL = 0;
				GCC_PREPROCESSOR_DEFINITIONS = (
					"DEBUG=1",
					"$(inherited)",
				);
				GCC_WARN_64_TO_32_BIT_CONVERSION = YES;
				GCC_WARN_ABOUT_RETURN_TYPE = YES_ERROR;
				GCC_WARN_UNDECLARED_SELECTOR = YES;
				GCC_WARN_UNINITIALIZED_AUTOS = YES_AGGRESSIVE;
				GCC_WARN_UNUSED_FUNCTION = YES;
				GCC_WARN_UNUSED_VARIABLE = YES;
				IPHONEOS_DEPLOYMENT_TARGET = 17.2;
				LOCALIZATION_PREFERS_STRING_CATALOGS = YES;
				MTL_ENABLE_DEBUG_INFO = INCLUDE_SOURCE;
				MTL_FAST_MATH = YES;
				ONLY_ACTIVE_ARCH = YES;
				SDKROOT = iphoneos;
				SWIFT_ACTIVE_COMPILATION_CONDITIONS = "DEBUG $(inherited)";
				SWIFT_OPTIMIZATION_LEVEL = "-Onone";
			};
			name = Debug;
		};
		E403728B2B6BF697007C1C9B /* Release */ = {
			isa = XCBuildConfiguration;
			buildSettings = {
				ALWAYS_SEARCH_USER_PATHS = NO;
				ASSETCATALOG_COMPILER_GENERATE_SWIFT_ASSET_SYMBOL_EXTENSIONS = YES;
				CLANG_ANALYZER_NONNULL = YES;
				CLANG_ANALYZER_NUMBER_OBJECT_CONVERSION = YES_AGGRESSIVE;
				CLANG_CXX_LANGUAGE_STANDARD = "gnu++20";
				CLANG_ENABLE_MODULES = YES;
				CLANG_ENABLE_OBJC_ARC = YES;
				CLANG_ENABLE_OBJC_WEAK = YES;
				CLANG_WARN_BLOCK_CAPTURE_AUTORELEASING = YES;
				CLANG_WARN_BOOL_CONVERSION = YES;
				CLANG_WARN_COMMA = YES;
				CLANG_WARN_CONSTANT_CONVERSION = YES;
				CLANG_WARN_DEPRECATED_OBJC_IMPLEMENTATIONS = YES;
				CLANG_WARN_DIRECT_OBJC_ISA_USAGE = YES_ERROR;
				CLANG_WARN_DOCUMENTATION_COMMENTS = YES;
				CLANG_WARN_EMPTY_BODY = YES;
				CLANG_WARN_ENUM_CONVERSION = YES;
				CLANG_WARN_INFINITE_RECURSION = YES;
				CLANG_WARN_INT_CONVERSION = YES;
				CLANG_WARN_NON_LITERAL_NULL_CONVERSION = YES;
				CLANG_WARN_OBJC_IMPLICIT_RETAIN_SELF = YES;
				CLANG_WARN_OBJC_LITERAL_CONVERSION = YES;
				CLANG_WARN_OBJC_ROOT_CLASS = YES_ERROR;
				CLANG_WARN_QUOTED_INCLUDE_IN_FRAMEWORK_HEADER = YES;
				CLANG_WARN_RANGE_LOOP_ANALYSIS = YES;
				CLANG_WARN_STRICT_PROTOTYPES = YES;
				CLANG_WARN_SUSPICIOUS_MOVE = YES;
				CLANG_WARN_UNGUARDED_AVAILABILITY = YES_AGGRESSIVE;
				CLANG_WARN_UNREACHABLE_CODE = YES;
				CLANG_WARN__DUPLICATE_METHOD_MATCH = YES;
				COPY_PHASE_STRIP = NO;
				DEBUG_INFORMATION_FORMAT = "dwarf-with-dsym";
				ENABLE_NS_ASSERTIONS = NO;
				ENABLE_STRICT_OBJC_MSGSEND = YES;
				ENABLE_USER_SCRIPT_SANDBOXING = YES;
				GCC_C_LANGUAGE_STANDARD = gnu17;
				GCC_NO_COMMON_BLOCKS = YES;
				GCC_WARN_64_TO_32_BIT_CONVERSION = YES;
				GCC_WARN_ABOUT_RETURN_TYPE = YES_ERROR;
				GCC_WARN_UNDECLARED_SELECTOR = YES;
				GCC_WARN_UNINITIALIZED_AUTOS = YES_AGGRESSIVE;
				GCC_WARN_UNUSED_FUNCTION = YES;
				GCC_WARN_UNUSED_VARIABLE = YES;
				IPHONEOS_DEPLOYMENT_TARGET = 17.2;
				LOCALIZATION_PREFERS_STRING_CATALOGS = YES;
				MTL_ENABLE_DEBUG_INFO = NO;
				MTL_FAST_MATH = YES;
				SDKROOT = iphoneos;
				SWIFT_COMPILATION_MODE = wholemodule;
				VALIDATE_PRODUCT = YES;
			};
			name = Release;
		};
		E403728D2B6BF697007C1C9B /* Debug */ = {
			isa = XCBuildConfiguration;
			buildSettings = {
				ASSETCATALOG_COMPILER_APPICON_NAME = AppIcon;
				ASSETCATALOG_COMPILER_GLOBAL_ACCENT_COLOR_NAME = AccentColor;
				CODE_SIGN_STYLE = Automatic;
				CURRENT_PROJECT_VERSION = 1;
				DEVELOPMENT_ASSET_PATHS = "\"New17/Preview Content\"";
				DEVELOPMENT_TEAM = 62UE764E85;
				ENABLE_PREVIEWS = YES;
				GENERATE_INFOPLIST_FILE = YES;
				INFOPLIST_KEY_UIApplicationSceneManifest_Generation = YES;
				INFOPLIST_KEY_UIApplicationSupportsIndirectInputEvents = YES;
				INFOPLIST_KEY_UILaunchScreen_Generation = YES;
				INFOPLIST_KEY_UISupportedInterfaceOrientations = UIInterfaceOrientationPortrait;
				INFOPLIST_KEY_UISupportedInterfaceOrientations_iPad = "UIInterfaceOrientationLandscapeLeft UIInterfaceOrientationLandscapeRight UIInterfaceOrientationPortrait UIInterfaceOrientationPortraitUpsideDown";
				LD_RUNPATH_SEARCH_PATHS = (
					"$(inherited)",
					"@executable_path/Frameworks",
				);
				MARKETING_VERSION = 1.0;
				PRODUCT_BUNDLE_IDENTIFIER = com.benjiloya.New17;
				PRODUCT_NAME = "$(TARGET_NAME)";
				SUPPORTED_PLATFORMS = "iphoneos iphonesimulator";
				SUPPORTS_MACCATALYST = NO;
				SWIFT_EMIT_LOC_STRINGS = YES;
				SWIFT_VERSION = 5.0;
				TARGETED_DEVICE_FAMILY = 1;
			};
			name = Debug;
		};
		E403728E2B6BF697007C1C9B /* Release */ = {
			isa = XCBuildConfiguration;
			buildSettings = {
				ASSETCATALOG_COMPILER_APPICON_NAME = AppIcon;
				ASSETCATALOG_COMPILER_GLOBAL_ACCENT_COLOR_NAME = AccentColor;
				CODE_SIGN_STYLE = Automatic;
				CURRENT_PROJECT_VERSION = 1;
				DEVELOPMENT_ASSET_PATHS = "\"New17/Preview Content\"";
				DEVELOPMENT_TEAM = 62UE764E85;
				ENABLE_PREVIEWS = YES;
				GENERATE_INFOPLIST_FILE = YES;
				INFOPLIST_KEY_UIApplicationSceneManifest_Generation = YES;
				INFOPLIST_KEY_UIApplicationSupportsIndirectInputEvents = YES;
				INFOPLIST_KEY_UILaunchScreen_Generation = YES;
				INFOPLIST_KEY_UISupportedInterfaceOrientations = UIInterfaceOrientationPortrait;
				INFOPLIST_KEY_UISupportedInterfaceOrientations_iPad = "UIInterfaceOrientationLandscapeLeft UIInterfaceOrientationLandscapeRight UIInterfaceOrientationPortrait UIInterfaceOrientationPortraitUpsideDown";
				LD_RUNPATH_SEARCH_PATHS = (
					"$(inherited)",
					"@executable_path/Frameworks",
				);
				MARKETING_VERSION = 1.0;
				PRODUCT_BUNDLE_IDENTIFIER = com.benjiloya.New17;
				PRODUCT_NAME = "$(TARGET_NAME)";
				SUPPORTED_PLATFORMS = "iphoneos iphonesimulator";
				SUPPORTS_MACCATALYST = NO;
				SWIFT_EMIT_LOC_STRINGS = YES;
				SWIFT_VERSION = 5.0;
				TARGETED_DEVICE_FAMILY = 1;
			};
			name = Release;
		};
/* End XCBuildConfiguration section */

/* Begin XCConfigurationList section */
		E40372792B6BF696007C1C9B /* Build configuration list for PBXProject "New17" */ = {
			isa = XCConfigurationList;
			buildConfigurations = (
				E403728A2B6BF697007C1C9B /* Debug */,
				E403728B2B6BF697007C1C9B /* Release */,
			);
			defaultConfigurationIsVisible = 0;
			defaultConfigurationName = Release;
		};
		E403728C2B6BF697007C1C9B /* Build configuration list for PBXNativeTarget "New17" */ = {
			isa = XCConfigurationList;
			buildConfigurations = (
				E403728D2B6BF697007C1C9B /* Debug */,
				E403728E2B6BF697007C1C9B /* Release */,
			);
			defaultConfigurationIsVisible = 0;
			defaultConfigurationName = Release;
		};
/* End XCConfigurationList section */
	};
	rootObject = E40372762B6BF696007C1C9B /* Project object */;
}
